[root]
name = "noten"
version = "0.1.0"
dependencies = [
 "env_logger 0.3.2 (registry+https://github.com/rust-lang/crates.io-index)",
 "hoedown 3.0.5 (registry+https://github.com/rust-lang/crates.io-index)",
 "lazy_static 0.2.0 (registry+https://github.com/rust-lang/crates.io-index)",
 "log 0.3.5 (registry+https://github.com/rust-lang/crates.io-index)",
 "quick-error 1.0.0 (registry+https://github.com/rust-lang/crates.io-index)",
 "regex 0.1.58 (registry+https://github.com/rust-lang/crates.io-index)",
 "toml 0.1.28 (registry+https://github.com/rust-lang/crates.io-index)",
]

[[package]]
name = "aho-corasick"
version = "0.5.1"
source = "registry+https://github.com/rust-lang/crates.io-index"
dependencies = [
 "memchr 0.1.10 (registry+https://github.com/rust-lang/crates.io-index)",
]

[[package]]
name = "bitflags"
version = "0.5.0"
source = "registry+https://github.com/rust-lang/crates.io-index"

[[package]]
name = "env_logger"
version = "0.3.2"
source = "registry+https://github.com/rust-lang/crates.io-index"
dependencies = [
 "log 0.3.5 (registry+https://github.com/rust-lang/crates.io-index)",
 "regex 0.1.58 (registry+https://github.com/rust-lang/crates.io-index)",
]

[[package]]
name = "gcc"
version = "0.3.26"
source = "registry+https://github.com/rust-lang/crates.io-index"

[[package]]
name = "hoedown"
version = "3.0.5"
source = "registry+https://github.com/rust-lang/crates.io-index"
dependencies = [
 "bitflags 0.5.0 (registry+https://github.com/rust-lang/crates.io-index)",
 "gcc 0.3.26 (registry+https://github.com/rust-lang/crates.io-index)",
 "libc 0.2.8 (registry+https://github.com/rust-lang/crates.io-index)",
]

[[package]]
name = "lazy_static"
version = "0.2.0"
source = "registry+https://github.com/rust-lang/crates.io-index"

[[package]]
name = "libc"
version = "0.2.8"
source = "registry+https://github.com/rust-lang/crates.io-index"

[[package]]
name = "log"
version = "0.3.5"
source = "registry+https://github.com/rust-lang/crates.io-index"
dependencies = [
 "libc 0.2.8 (registry+https://github.com/rust-lang/crates.io-index)",
]

[[package]]
name = "memchr"
version = "0.1.10"
source = "registry+https://github.com/rust-lang/crates.io-index"
dependencies = [
 "libc 0.2.8 (registry+https://github.com/rust-lang/crates.io-index)",
]

[[package]]
name = "quick-error"
version = "1.0.0"
source = "registry+https://github.com/rust-lang/crates.io-index"

[[package]]
name = "regex"
version = "0.1.58"
source = "registry+https://github.com/rust-lang/crates.io-index"
dependencies = [
 "aho-corasick 0.5.1 (registry+https://github.com/rust-lang/crates.io-index)",
 "memchr 0.1.10 (registry+https://github.com/rust-lang/crates.io-index)",
 "regex-syntax 0.3.0 (registry+https://github.com/rust-lang/crates.io-index)",
 "utf8-ranges 0.1.3 (registry+https://github.com/rust-lang/crates.io-index)",
]

[[package]]
name = "regex-syntax"
version = "0.3.0"
source = "registry+https://github.com/rust-lang/crates.io-index"

[[package]]
name = "rustc-serialize"
version = "0.3.18"
source = "registry+https://github.com/rust-lang/crates.io-index"

[[package]]
name = "toml"
version = "0.1.28"
source = "registry+https://github.com/rust-lang/crates.io-index"
dependencies = [
 "rustc-serialize 0.3.18 (registry+https://github.com/rust-lang/crates.io-index)",
]

[[package]]
name = "utf8-ranges"
version = "0.1.3"
source = "registry+https://github.com/rust-lang/crates.io-index"

[metadata]
"checksum aho-corasick 0.5.1 (registry+https://github.com/rust-lang/crates.io-index)" = "67077478f0a03952bed2e6786338d400d40c25e9836e08ad50af96607317fd03"
"checksum bitflags 0.5.0 (registry+https://github.com/rust-lang/crates.io-index)" = "4f67931368edf3a9a51d29886d245f1c3db2f1ef0dcc9e35ff70341b78c10d23"
"checksum env_logger 0.3.2 (registry+https://github.com/rust-lang/crates.io-index)" = "b6bbe7c0b619c81b9a1fd122ab3c7ef19a7b27cdba3c8486314b6f275ca211a4"
"checksum gcc 0.3.26 (registry+https://github.com/rust-lang/crates.io-index)" = "3337bf4deec8dd33c331a62b59708f5b438779b8089b1888d56976ac2c325d3e"
"checksum hoedown 3.0.5 (registry+https://github.com/rust-lang/crates.io-index)" = "be74c44a242d26d26ea3208a78f52fd7e8eea39ab137be4bd67c67439ac7e5a4"
"checksum lazy_static 0.2.0 (registry+https://github.com/rust-lang/crates.io-index)" = "4f9e1e434b35b61b6422b19998d5c219f6b4a90aae841583444b44077adb953b"
"checksum libc 0.2.8 (registry+https://github.com/rust-lang/crates.io-index)" = "52f45f4d4d75de96cf7f8b0e37b6a8e2f96619749b80bd79aa9f5a3100d63208"
"checksum log 0.3.5 (registry+https://github.com/rust-lang/crates.io-index)" = "038b5d13189a14e5b6ac384fdb7c691a45ef0885f6d2dddbf422e6c3506b8234"
"checksum memchr 0.1.10 (registry+https://github.com/rust-lang/crates.io-index)" = "c98adb597263e245c6ffe48dc50d338b51acb8cc53e8e7b3e9c21f53c0a411cb"
"checksum quick-error 1.0.0 (registry+https://github.com/rust-lang/crates.io-index)" = "c415e447dcced6ca7d8b290f5881050d1a2bb757967889cfba93b6f7f649ca50"
"checksum regex 0.1.58 (registry+https://github.com/rust-lang/crates.io-index)" = "3dd7659f81431206880b8e6eafae79bf060e646de2737125cc08c30f6ad1aebe"
"checksum regex-syntax 0.3.0 (registry+https://github.com/rust-lang/crates.io-index)" = "91f025592c64aca084b1eb1f556fcac9c016da96a66dbebd5f9a7bda6f92b540"
"checksum rustc-serialize 0.3.18 (registry+https://github.com/rust-lang/crates.io-index)" = "9cf81518cd579f8a9c58c0a71328bdb9be15c754181261da82583092dc8a7ff0"
"checksum toml 0.1.28 (registry+https://github.com/rust-lang/crates.io-index)" = "fcd27a04ca509aff336ba5eb2abc58d456f52c4ff64d9724d88acb85ead560b6"
"checksum utf8-ranges 0.1.3 (registry+https://github.com/rust-lang/crates.io-index)" = "a1ca13c08c41c9c3e04224ed9ff80461d97e121589ff27c753a16cb10830ae0f"
